{
  "version": "5",
  "specifiers": {
    "jsr:@std/cli@*": "1.0.27",
    "jsr:@std/fs@*": "1.0.22",
    "jsr:@std/internal@^1.0.12": "1.0.12",
    "jsr:@std/path@*": "1.1.4",
    "jsr:@std/yaml@*": "1.0.11",
    "npm:fast-xml-parser@4.5.1": "4.5.1"
  },
  "jsr": {
    "@std/cli@1.0.27": {
      "integrity": "eba97edd0891871a7410e835dd94b3c260c709cca5983df2689c25a71fbe04de"
    },
    "@std/fs@1.0.22": {
      "integrity": "de0f277a58a867147a8a01bc1b181d0dfa80bfddba8c9cf2bacd6747bcec9308"
    },
    "@std/internal@1.0.12": {
      "integrity": "972a634fd5bc34b242024402972cd5143eac68d8dffaca5eaa4dba30ce17b027"
    },
    "@std/path@1.1.4": {
      "integrity": "1d2d43f39efb1b42f0b1882a25486647cb851481862dc7313390b2bb044314b5",
      "dependencies": [
        "jsr:@std/internal"
      ]
    },
    "@std/yaml@1.0.11": {
      "integrity": "bd139ce77f2d06cbed3713c8b26d301d2a2e12ecc7986130a268107e212143ee"
    }
  },
  "npm": {
    "fast-xml-parser@4.5.1": {
      "integrity": "sha512-y655CeyUQ+jj7KBbYMc4FG01V8ZQqjN+gDYGJ50RtfsUB8iG9AmwmwoAgeKLJdmueKKMrH1RJ7yXHTSoczdv5w==",
      "dependencies": [
        "strnum"
      ],
      "bin": true
    },
    "strnum@1.1.2": {
      "integrity": "sha512-vrN+B7DBIoTTZjnPNewwhx6cBA/H+IS7rfW68n7XxC1y7uoiGQBxaKzqucGUgavX15dJgiGztLJ8vxuEzwqBdA=="
    }
  }
}
